<?xml version="1.0" encoding="utf-8"?>
<Project ToolsVersion="4.0" xmlns="http://schemas.microsoft.com/developer/msbuild/2003">
  <ItemGroup>
    <Filter Include="Source Files">
      <UniqueIdentifier>{4FC737F1-C7A5-4376-A066-2A32D752A2FF}</UniqueIdentifier>
      <Extensions>cpp;c;cc;cxx;c++;cppm;ixx;def;odl;idl;hpj;bat;asm;asmx</Extensions>
    </Filter>
    <Filter Include="Resource Files">
      <UniqueIdentifier>{67DA6AB6-F800-4c08-8B7A-83BB121AAD01}</UniqueIdentifier>
      <Extensions>rc;ico;cur;bmp;dlg;rc2;rct;bin;rgs;gif;jpg;jpeg;jpe;resx;tiff;tif;png;wav;mfcribbon-ms</Extensions>
    </Filter>
    <Filter Include="2008">
      <UniqueIdentifier>{a0a26f01-1a97-4212-904e-65c6927fd669}</UniqueIdentifier>
    </Filter>
    <Filter Include="2009,jitaru">
      <UniqueIdentifier>{93995380-89BD-4b04-88EB-625FBE52EBFB}</UniqueIdentifier>
      <Extensions>h;hh;hpp;hxx;h++;hm;inl;inc;ipp;xsd</Extensions>
    </Filter>
    <Filter Include="2011-2019">
      <UniqueIdentifier>{4331c19b-71ed-460b-ac22-5e87689a4358}</UniqueIdentifier>
    </Filter>
  </ItemGroup>
  <ItemGroup>
    <ClCompile Include="Variante.cpp">
      <Filter>Source Files</Filter>
    </ClCompile>
  </ItemGroup>
  <ItemGroup>
    <ClInclude Include="varianta1-2009.h">
      <Filter>2009,jitaru</Filter>
    </ClInclude>
    <ClInclude Include="varianta2.h">
      <Filter>2009,jitaru</Filter>
    </ClInclude>
    <ClInclude Include="varianta3.h">
      <Filter>2009,jitaru</Filter>
    </ClInclude>
    <ClInclude Include="varianta4.h">
      <Filter>2009,jitaru</Filter>
    </ClInclude>
    <ClInclude Include="varianta5.h">
      <Filter>2009,jitaru</Filter>
    </ClInclude>
    <ClInclude Include="varianta6.h">
      <Filter>2009,jitaru</Filter>
    </ClInclude>
    <ClInclude Include="varianta7.h">
      <Filter>2009,jitaru</Filter>
    </ClInclude>
    <ClInclude Include="varianta8.h">
      <Filter>2009,jitaru</Filter>
    </ClInclude>
    <ClInclude Include="varianta9.h">
      <Filter>2009,jitaru</Filter>
    </ClInclude>
    <ClInclude Include="varianta10.h">
      <Filter>2009,jitaru</Filter>
    </ClInclude>
    <ClInclude Include="varianta11.h">
      <Filter>2009,jitaru</Filter>
    </ClInclude>
    <ClInclude Include="varianta12.h">
      <Filter>2009,jitaru</Filter>
    </ClInclude>
    <ClInclude Include="varianta13.h">
      <Filter>2009,jitaru</Filter>
    </ClInclude>
    <ClInclude Include="varianta14.h">
      <Filter>2009,jitaru</Filter>
    </ClInclude>
    <ClInclude Include="varianta15.h">
      <Filter>2009,jitaru</Filter>
    </ClInclude>
    <ClInclude Include="varianta16.h">
      <Filter>2009,jitaru</Filter>
    </ClInclude>
    <ClInclude Include="varianta17.h">
      <Filter>2009,jitaru</Filter>
    </ClInclude>
    <ClInclude Include="varianta18.h">
      <Filter>2009,jitaru</Filter>
    </ClInclude>
    <ClInclude Include="varianta19.h">
      <Filter>2009,jitaru</Filter>
    </ClInclude>
    <ClInclude Include="varianta20.h">
      <Filter>2009,jitaru</Filter>
    </ClInclude>
    <ClInclude Include="varianta21.h">
      <Filter>2009,jitaru</Filter>
    </ClInclude>
    <ClInclude Include="varianta22.h">
      <Filter>2009,jitaru</Filter>
    </ClInclude>
    <ClInclude Include="varianta23.h">
      <Filter>2009,jitaru</Filter>
    </ClInclude>
    <ClInclude Include="varianta24.h">
      <Filter>2009,jitaru</Filter>
    </ClInclude>
    <ClInclude Include="varianta25.h">
      <Filter>2009,jitaru</Filter>
    </ClInclude>
    <ClInclude Include="varianta26.h">
      <Filter>2009,jitaru</Filter>
    </ClInclude>
    <ClInclude Include="varianta27.h">
      <Filter>2009,jitaru</Filter>
    </ClInclude>
    <ClInclude Include="varianta28.h">
      <Filter>2009,jitaru</Filter>
    </ClInclude>
    <ClInclude Include="varianta29.h">
      <Filter>2009,jitaru</Filter>
    </ClInclude>
    <ClInclude Include="varianta30.h">
      <Filter>2009,jitaru</Filter>
    </ClInclude>
    <ClInclude Include="varianta31.h">
      <Filter>2009,jitaru</Filter>
    </ClInclude>
    <ClInclude Include="varianta32.h">
      <Filter>2009,jitaru</Filter>
    </ClInclude>
    <ClInclude Include="varianta33.h">
      <Filter>2009,jitaru</Filter>
    </ClInclude>
    <ClInclude Include="varianta34.h">
      <Filter>2009,jitaru</Filter>
    </ClInclude>
    <ClInclude Include="varianta35.h">
      <Filter>2009,jitaru</Filter>
    </ClInclude>
    <ClInclude Include="varianta36.h">
      <Filter>2009,jitaru</Filter>
    </ClInclude>
    <ClInclude Include="varianta37.h">
      <Filter>2009,jitaru</Filter>
    </ClInclude>
    <ClInclude Include="varianta38.h">
      <Filter>2009,jitaru</Filter>
    </ClInclude>
    <ClInclude Include="varianta39.h">
      <Filter>2009,jitaru</Filter>
    </ClInclude>
    <ClInclude Include="varianta40.h">
      <Filter>2009,jitaru</Filter>
    </ClInclude>
    <ClInclude Include="varianta41.h">
      <Filter>2009,jitaru</Filter>
    </ClInclude>
    <ClInclude Include="varianta42.h">
      <Filter>2009,jitaru</Filter>
    </ClInclude>
    <ClInclude Include="varianta43.h">
      <Filter>2009,jitaru</Filter>
    </ClInclude>
    <ClInclude Include="varianta44.h">
      <Filter>2009,jitaru</Filter>
    </ClInclude>
    <ClInclude Include="varianta45.h">
      <Filter>2009,jitaru</Filter>
    </ClInclude>
    <ClInclude Include="varianta46.h">
      <Filter>2009,jitaru</Filter>
    </ClInclude>
    <ClInclude Include="varianta47.h">
      <Filter>2009,jitaru</Filter>
    </ClInclude>
    <ClInclude Include="varianta48.h">
      <Filter>2009,jitaru</Filter>
    </ClInclude>
    <ClInclude Include="varianta49.h">
      <Filter>2009,jitaru</Filter>
    </ClInclude>
    <ClInclude Include="varianta50.h">
      <Filter>2009,jitaru</Filter>
    </ClInclude>
    <ClInclude Include="citire_afisare.h">
      <Filter>2009,jitaru</Filter>
    </ClInclude>
    <ClInclude Include="varianta51.h">
      <Filter>2009,jitaru</Filter>
    </ClInclude>
    <ClInclude Include="varianta52.h">
      <Filter>2009,jitaru</Filter>
    </ClInclude>
    <ClInclude Include="varianta53.h">
      <Filter>2009,jitaru</Filter>
    </ClInclude>
    <ClInclude Include="varianta54.h">
      <Filter>2009,jitaru</Filter>
    </ClInclude>
    <ClInclude Include="varianta55.h">
      <Filter>2009,jitaru</Filter>
    </ClInclude>
    <ClInclude Include="varianta56.h">
      <Filter>2009,jitaru</Filter>
    </ClInclude>
    <ClInclude Include="varianta57.h">
      <Filter>2009,jitaru</Filter>
    </ClInclude>
    <ClInclude Include="varianta58.h">
      <Filter>2009,jitaru</Filter>
    </ClInclude>
    <ClInclude Include="varianta59.h">
      <Filter>2009,jitaru</Filter>
    </ClInclude>
    <ClInclude Include="varianta60.h">
      <Filter>2009,jitaru</Filter>
    </ClInclude>
    <ClInclude Include="varianta61.h">
      <Filter>2009,jitaru</Filter>
    </ClInclude>
    <ClInclude Include="varianta62.h">
      <Filter>2009,jitaru</Filter>
    </ClInclude>
    <ClInclude Include="varianta63.h">
      <Filter>2009,jitaru</Filter>
    </ClInclude>
    <ClInclude Include="varianta64.h">
      <Filter>2009,jitaru</Filter>
    </ClInclude>
    <ClInclude Include="varianta65.h">
      <Filter>2009,jitaru</Filter>
    </ClInclude>
    <ClInclude Include="varianta66.h">
      <Filter>2009,jitaru</Filter>
    </ClInclude>
    <ClInclude Include="varianta67.h">
      <Filter>2009,jitaru</Filter>
    </ClInclude>
    <ClInclude Include="varianta68.h">
      <Filter>2009,jitaru</Filter>
    </ClInclude>
    <ClInclude Include="varianta69.h">
      <Filter>2009,jitaru</Filter>
    </ClInclude>
    <ClInclude Include="varianta70.h">
      <Filter>2009,jitaru</Filter>
    </ClInclude>
    <ClInclude Include="varianta71.h">
      <Filter>2009,jitaru</Filter>
    </ClInclude>
    <ClInclude Include="varianta72.h">
      <Filter>2009,jitaru</Filter>
    </ClInclude>
    <ClInclude Include="varianta73.h">
      <Filter>2009,jitaru</Filter>
    </ClInclude>
    <ClInclude Include="varianta74.h">
      <Filter>2009,jitaru</Filter>
    </ClInclude>
    <ClInclude Include="varianta75.h">
      <Filter>2009,jitaru</Filter>
    </ClInclude>
    <ClInclude Include="varianta76.h">
      <Filter>2009,jitaru</Filter>
    </ClInclude>
    <ClInclude Include="varianta77.h">
      <Filter>2009,jitaru</Filter>
    </ClInclude>
    <ClInclude Include="varianta78.h">
      <Filter>2009,jitaru</Filter>
    </ClInclude>
    <ClInclude Include="varianta79.h">
      <Filter>2009,jitaru</Filter>
    </ClInclude>
    <ClInclude Include="variantaa80.h">
      <Filter>2009,jitaru</Filter>
    </ClInclude>
    <ClInclude Include="varianta81.h">
      <Filter>2009,jitaru</Filter>
    </ClInclude>
    <ClInclude Include="varianta82.h">
      <Filter>2009,jitaru</Filter>
    </ClInclude>
    <ClInclude Include="varianta83.h">
      <Filter>2009,jitaru</Filter>
    </ClInclude>
    <ClInclude Include="varianta84.h">
      <Filter>2009,jitaru</Filter>
    </ClInclude>
    <ClInclude Include="varianta85.h">
      <Filter>2009,jitaru</Filter>
    </ClInclude>
    <ClInclude Include="varianta86.h">
      <Filter>2009,jitaru</Filter>
    </ClInclude>
    <ClInclude Include="varianta87.h">
      <Filter>2009,jitaru</Filter>
    </ClInclude>
    <ClInclude Include="varianta88.h">
      <Filter>2009,jitaru</Filter>
    </ClInclude>
    <ClInclude Include="varianta89.h">
      <Filter>2009,jitaru</Filter>
    </ClInclude>
    <ClInclude Include="varianta90.h">
      <Filter>2009,jitaru</Filter>
    </ClInclude>
    <ClInclude Include="varianta91.h">
      <Filter>2009,jitaru</Filter>
    </ClInclude>
    <ClInclude Include="varianta92.h">
      <Filter>2009,jitaru</Filter>
    </ClInclude>
    <ClInclude Include="varianta93.h">
      <Filter>2009,jitaru</Filter>
    </ClInclude>
    <ClInclude Include="varianta94.h">
      <Filter>2009,jitaru</Filter>
    </ClInclude>
    <ClInclude Include="varianta95.h">
      <Filter>2009,jitaru</Filter>
    </ClInclude>
    <ClInclude Include="varianta96.h">
      <Filter>2009,jitaru</Filter>
    </ClInclude>
    <ClInclude Include="varianta97.h">
      <Filter>2009,jitaru</Filter>
    </ClInclude>
    <ClInclude Include="varianta98.h">
      <Filter>2009,jitaru</Filter>
    </ClInclude>
    <ClInclude Include="varianta99.h">
      <Filter>2009,jitaru</Filter>
    </ClInclude>
    <ClInclude Include="varianta100.h">
      <Filter>2009,jitaru</Filter>
    </ClInclude>
    <ClInclude Include="varianta101-jitaru.h">
      <Filter>2009,jitaru</Filter>
    </ClInclude>
    <ClInclude Include="varianta102.h">
      <Filter>2009,jitaru</Filter>
    </ClInclude>
    <ClInclude Include="varianta103.h">
      <Filter>2009,jitaru</Filter>
    </ClInclude>
    <ClInclude Include="varianta104.h">
      <Filter>2009,jitaru</Filter>
    </ClInclude>
    <ClInclude Include="varianta105.h">
      <Filter>2009,jitaru</Filter>
    </ClInclude>
    <ClInclude Include="varianta106.h">
      <Filter>2009,jitaru</Filter>
    </ClInclude>
    <ClInclude Include="varianta107.h">
      <Filter>2009,jitaru</Filter>
    </ClInclude>
    <ClInclude Include="varianta108.h">
      <Filter>2009,jitaru</Filter>
    </ClInclude>
    <ClInclude Include="varianta109.h">
      <Filter>2009,jitaru</Filter>
    </ClInclude>
    <ClInclude Include="varianta110.h">
      <Filter>2009,jitaru</Filter>
    </ClInclude>
    <ClInclude Include="varianta111.h">
      <Filter>2009,jitaru</Filter>
    </ClInclude>
    <ClInclude Include="varianta112.h">
      <Filter>2009,jitaru</Filter>
    </ClInclude>
    <ClInclude Include="varianta113.h">
      <Filter>2009,jitaru</Filter>
    </ClInclude>
    <ClInclude Include="varianta114.h">
      <Filter>2009,jitaru</Filter>
    </ClInclude>
    <ClInclude Include="varianta115.h">
      <Filter>2009,jitaru</Filter>
    </ClInclude>
    <ClInclude Include="varianta116.h">
      <Filter>2009,jitaru</Filter>
    </ClInclude>
    <ClInclude Include="varianta117.h">
      <Filter>2009,jitaru</Filter>
    </ClInclude>
    <ClInclude Include="varianta118.h">
      <Filter>2009,jitaru</Filter>
    </ClInclude>
    <ClInclude Include="varianta119.h">
      <Filter>2009,jitaru</Filter>
    </ClInclude>
    <ClInclude Include="varianta120.h">
      <Filter>2009,jitaru</Filter>
    </ClInclude>
    <ClInclude Include="varianta121.h">
      <Filter>2009,jitaru</Filter>
    </ClInclude>
    <ClInclude Include="varianta122.h">
      <Filter>2009,jitaru</Filter>
    </ClInclude>
    <ClInclude Include="varianta123.h">
      <Filter>2009,jitaru</Filter>
    </ClInclude>
    <ClInclude Include="varianta124.h">
      <Filter>2009,jitaru</Filter>
    </ClInclude>
    <ClInclude Include="varianta125.h">
      <Filter>2009,jitaru</Filter>
    </ClInclude>
    <ClInclude Include="varianta126.h">
      <Filter>2009,jitaru</Filter>
    </ClInclude>
    <ClInclude Include="varianta127.h">
      <Filter>2009,jitaru</Filter>
    </ClInclude>
    <ClInclude Include="varianta128.h">
      <Filter>2009,jitaru</Filter>
    </ClInclude>
    <ClInclude Include="varianta129.h">
      <Filter>2009,jitaru</Filter>
    </ClInclude>
    <ClInclude Include="varianta130.h">
      <Filter>2009,jitaru</Filter>
    </ClInclude>
    <ClInclude Include="varianta131.h">
      <Filter>2009,jitaru</Filter>
    </ClInclude>
    <ClInclude Include="varianta132.h">
      <Filter>2009,jitaru</Filter>
    </ClInclude>
    <ClInclude Include="varianta1-2008.h">
      <Filter>2008</Filter>
    </ClInclude>
    <ClInclude Include="varianta2-2008.h">
      <Filter>2008</Filter>
    </ClInclude>
    <ClInclude Include="varianta3-2008.h">
      <Filter>2008</Filter>
    </ClInclude>
    <ClInclude Include="varianta4-2008.h">
      <Filter>2008</Filter>
    </ClInclude>
    <ClInclude Include="varianta5-2008.h">
      <Filter>2008</Filter>
    </ClInclude>
    <ClInclude Include="varianta1-2011.h">
      <Filter>2011-2019</Filter>
    </ClInclude>
    <ClInclude Include="varianta2-2011.h">
      <Filter>2011-2019</Filter>
    </ClInclude>
    <ClInclude Include="varianta1-2012.h">
      <Filter>2011-2019</Filter>
    </ClInclude>
    <ClInclude Include="varianta2-2012.h">
      <Filter>2011-2019</Filter>
    </ClInclude>
    <ClInclude Include="varianta3-2012.h">
      <Filter>2011-2019</Filter>
    </ClInclude>
    <ClInclude Include="varianta1-2013.h">
      <Filter>2011-2019</Filter>
    </ClInclude>
    <ClInclude Include="varianta2-2013.h">
      <Filter>2011-2019</Filter>
    </ClInclude>
    <ClInclude Include="vaarianta3-2013.h">
      <Filter>2011-2019</Filter>
    </ClInclude>
    <ClInclude Include="varianta4-2013.h">
      <Filter>2011-2019</Filter>
    </ClInclude>
    <ClInclude Include="varianta1-2014.h">
      <Filter>2011-2019</Filter>
    </ClInclude>
    <ClInclude Include="varianta2-2014.h">
      <Filter>2011-2019</Filter>
    </ClInclude>
    <ClInclude Include="varianta3-2014.h">
      <Filter>2011-2019</Filter>
    </ClInclude>
    <ClInclude Include="varianta1-2015.h">
      <Filter>2011-2019</Filter>
    </ClInclude>
    <ClInclude Include="varianta2-2015.h">
      <Filter>2011-2019</Filter>
    </ClInclude>
    <ClInclude Include="varianta3-2015.h">
      <Filter>2011-2019</Filter>
    </ClInclude>
    <ClInclude Include="varianta4-2015.h">
      <Filter>2011-2019</Filter>
    </ClInclude>
    <ClInclude Include="varianta5-2015.h">
      <Filter>2011-2019</Filter>
    </ClInclude>
    <ClInclude Include="varianta1-2016.h">
      <Filter>2011-2019</Filter>
    </ClInclude>
    <ClInclude Include="varianta2-2016.h">
      <Filter>2011-2019</Filter>
    </ClInclude>
    <ClInclude Include="varianta3-2016.h">
      <Filter>2011-2019</Filter>
    </ClInclude>
  </ItemGroup>
  <ItemGroup>
    <Text Include="in.txt">
      <Filter>Resource Files</Filter>
    </Text>
  </ItemGroup>
</Project>